
Microsoft Visual Studio Solution File, Format Version 12.00
# Visual Studio 15
VisualStudioVersion = 15.0.28307.106
MinimumVisualStudioVersion = 10.0.40219.1
Project("{FAE04EC0-301F-11D3-BF4B-00C04F79EFBC}") = "Genus2D", "Genus2D\Genus2D.csproj", "{A6ECA636-3C71-4AA0-9C3D-01ACA8456406}"
EndProject
Project("{FAE04EC0-301F-11D3-BF4B-00C04F79EFBC}") = "GenusTest", "GenusTest\GenusTest.csproj", "{E65F4EE5-E437-4DAD-A64B-05BCEF9BB5A0}"
EndProject
Project("{FAE04EC0-301F-11D3-BF4B-00C04F79EFBC}") = "RpgGame", "RpgGame\RpgGame.csproj", "{75664004-1A54-425F-BBCC-D2F47E60093A}"
EndProject
Project("{FAE04EC0-301F-11D3-BF4B-00C04F79EFBC}") = "RpgServer", "RpgServer\RpgServer.csproj", "{8E45BC35-E612-4190-B2BA-03A80940B3EF}"
EndProject
Project("{FAE04EC0-301F-11D3-BF4B-00C04F79EFBC}") = "RpgEditor", "RpgEditor\RpgEditor.csproj", "{4104D349-7F3C-4391-9993-B5C1D62FC9CB}"
EndProject
Global
	GlobalSection(SolutionConfigurationPlatforms) = preSolution
		Debug|Any CPU = Debug|Any CPU
		Release|Any CPU = Release|Any CPU
	EndGlobalSection
	GlobalSection(ProjectConfigurationPlatforms) = postSolution
		{A6ECA636-3C71-4AA0-9C3D-01ACA8456406}.Debug|Any CPU.ActiveCfg = Debug|Any CPU
		{A6ECA636-3C71-4AA0-9C3D-01ACA8456406}.Debug|Any CPU.Build.0 = Debug|Any CPU
		{A6ECA636-3C71-4AA0-9C3D-01ACA8456406}.Release|Any CPU.ActiveCfg = Release|Any CPU
		{A6ECA636-3C71-4AA0-9C3D-01ACA8456406}.Release|Any CPU.Build.0 = Release|Any CPU
		{E65F4EE5-E437-4DAD-A64B-05BCEF9BB5A0}.Debug|Any CPU.ActiveCfg = Debug|Any CPU
		{E65F4EE5-E437-4DAD-A64B-05BCEF9BB5A0}.Debug|Any CPU.Build.0 = Debug|Any CPU
		{E65F4EE5-E437-4DAD-A64B-05BCEF9BB5A0}.Release|Any CPU.ActiveCfg = Release|Any CPU
		{E65F4EE5-E437-4DAD-A64B-05BCEF9BB5A0}.Release|Any CPU.Build.0 = Release|Any CPU
		{75664004-1A54-425F-BBCC-D2F47E60093A}.Debug|Any CPU.ActiveCfg = Debug|Any CPU
		{75664004-1A54-425F-BBCC-D2F47E60093A}.Debug|Any CPU.Build.0 = Debug|Any CPU
		{75664004-1A54-425F-BBCC-D2F47E60093A}.Release|Any CPU.ActiveCfg = Release|Any CPU
		{75664004-1A54-425F-BBCC-D2F47E60093A}.Release|Any CPU.Build.0 = Release|Any CPU
		{8E45BC35-E612-4190-B2BA-03A80940B3EF}.Debug|Any CPU.ActiveCfg = Debug|Any CPU
		{8E45BC35-E612-4190-B2BA-03A80940B3EF}.Debug|Any CPU.Build.0 = Debug|Any CPU
		{8E45BC35-E612-4190-B2BA-03A80940B3EF}.Release|Any CPU.ActiveCfg = Release|Any CPU
		{8E45BC35-E612-4190-B2BA-03A80940B3EF}.Release|Any CPU.Build.0 = Release|Any CPU
		{4104D349-7F3C-4391-9993-B5C1D62FC9CB}.Debug|Any CPU.ActiveCfg = Debug|Any CPU
		{4104D349-7F3C-4391-9993-B5C1D62FC9CB}.Debug|Any CPU.Build.0 = Debug|Any CPU
		{4104D349-7F3C-4391-9993-B5C1D62FC9CB}.Release|Any CPU.ActiveCfg = Release|Any CPU
		{4104D349-7F3C-4391-9993-B5C1D62FC9CB}.Release|Any CPU.Build.0 = Release|Any CPU
	EndGlobalSection
	GlobalSection(SolutionProperties) = preSolution
		HideSolutionNode = FALSE
	EndGlobalSection
	GlobalSection(ExtensibilityGlobals) = postSolution
		SolutionGuid = {FBABE89D-A5D8-4975-84E1-CE37CC6F534B}
		VisualSVNWorkingCopyRoot = .
	EndGlobalSection
EndGlobal
